
Microsoft Visual Studio Solution File, Format Version 12.00
# Visual Studio 15
VisualStudioVersion = 15.0.28307.168
MinimumVisualStudioVersion = 10.0.40219.1
Project("{FAE04EC0-301F-11D3-BF4B-00C04F79EFBC}") = "MyDictionary", "MyDictionary\MyDictionary.csproj", "{B232AB0D-7B4E-4F4C-B873-E31AA6046E7C}"
EndProject
Project("{FAE04EC0-301F-11D3-BF4B-00C04F79EFBC}") = "MyStack", "MyStack\MyStack.csproj", "{7A9DDF78-B8DB-48AC-B573-5041CB8F805B}"
EndProject
Project("{FAE04EC0-301F-11D3-BF4B-00C04F79EFBC}") = "MyQueue", "MyQueue\MyQueue.csproj", "{AC27EE1E-8A40-44F3-8DE9-09BEF68EB844}"
EndProject
Project("{FAE04EC0-301F-11D3-BF4B-00C04F79EFBC}") = "MyList", "MyList\MyList.csproj", "{17261E81-B489-4FA4-973F-8031F06DC712}"
EndProject
Project("{FAE04EC0-301F-11D3-BF4B-00C04F79EFBC}") = "MyArray", "MyArray\MyArray.csproj", "{4D3CEFB0-E0A7-454A-BD01-7A8844EAA760}"
EndProject
Project("{FAE04EC0-301F-11D3-BF4B-00C04F79EFBC}") = "链表", "链表\链表.csproj", "{BB6784B4-2659-47AF-936A-8FCED13AB591}"
EndProject
Project("{FAE04EC0-301F-11D3-BF4B-00C04F79EFBC}") = "栈", "栈\栈.csproj", "{C8FCE83F-49BC-417C-97B5-2EBF37E5F9E6}"
EndProject
Project("{FAE04EC0-301F-11D3-BF4B-00C04F79EFBC}") = "队列", "队列\队列.csproj", "{512E035B-AFD7-4781-A070-81215E460C88}"
EndProject
Global
	GlobalSection(SolutionConfigurationPlatforms) = preSolution
		Debug|Any CPU = Debug|Any CPU
		Release|Any CPU = Release|Any CPU
	EndGlobalSection
	GlobalSection(ProjectConfigurationPlatforms) = postSolution
		{B232AB0D-7B4E-4F4C-B873-E31AA6046E7C}.Debug|Any CPU.ActiveCfg = Debug|Any CPU
		{B232AB0D-7B4E-4F4C-B873-E31AA6046E7C}.Debug|Any CPU.Build.0 = Debug|Any CPU
		{B232AB0D-7B4E-4F4C-B873-E31AA6046E7C}.Release|Any CPU.ActiveCfg = Release|Any CPU
		{B232AB0D-7B4E-4F4C-B873-E31AA6046E7C}.Release|Any CPU.Build.0 = Release|Any CPU
		{7A9DDF78-B8DB-48AC-B573-5041CB8F805B}.Debug|Any CPU.ActiveCfg = Debug|Any CPU
		{7A9DDF78-B8DB-48AC-B573-5041CB8F805B}.Debug|Any CPU.Build.0 = Debug|Any CPU
		{7A9DDF78-B8DB-48AC-B573-5041CB8F805B}.Release|Any CPU.ActiveCfg = Release|Any CPU
		{7A9DDF78-B8DB-48AC-B573-5041CB8F805B}.Release|Any CPU.Build.0 = Release|Any CPU
		{AC27EE1E-8A40-44F3-8DE9-09BEF68EB844}.Debug|Any CPU.ActiveCfg = Debug|Any CPU
		{AC27EE1E-8A40-44F3-8DE9-09BEF68EB844}.Debug|Any CPU.Build.0 = Debug|Any CPU
		{AC27EE1E-8A40-44F3-8DE9-09BEF68EB844}.Release|Any CPU.ActiveCfg = Release|Any CPU
		{AC27EE1E-8A40-44F3-8DE9-09BEF68EB844}.Release|Any CPU.Build.0 = Release|Any CPU
		{17261E81-B489-4FA4-973F-8031F06DC712}.Debug|Any CPU.ActiveCfg = Debug|Any CPU
		{17261E81-B489-4FA4-973F-8031F06DC712}.Debug|Any CPU.Build.0 = Debug|Any CPU
		{17261E81-B489-4FA4-973F-8031F06DC712}.Release|Any CPU.ActiveCfg = Release|Any CPU
		{17261E81-B489-4FA4-973F-8031F06DC712}.Release|Any CPU.Build.0 = Release|Any CPU
		{4D3CEFB0-E0A7-454A-BD01-7A8844EAA760}.Debug|Any CPU.ActiveCfg = Debug|Any CPU
		{4D3CEFB0-E0A7-454A-BD01-7A8844EAA760}.Debug|Any CPU.Build.0 = Debug|Any CPU
		{4D3CEFB0-E0A7-454A-BD01-7A8844EAA760}.Release|Any CPU.ActiveCfg = Release|Any CPU
		{4D3CEFB0-E0A7-454A-BD01-7A8844EAA760}.Release|Any CPU.Build.0 = Release|Any CPU
		{BB6784B4-2659-47AF-936A-8FCED13AB591}.Debug|Any CPU.ActiveCfg = Debug|Any CPU
		{BB6784B4-2659-47AF-936A-8FCED13AB591}.Debug|Any CPU.Build.0 = Debug|Any CPU
		{BB6784B4-2659-47AF-936A-8FCED13AB591}.Release|Any CPU.ActiveCfg = Release|Any CPU
		{BB6784B4-2659-47AF-936A-8FCED13AB591}.Release|Any CPU.Build.0 = Release|Any CPU
		{C8FCE83F-49BC-417C-97B5-2EBF37E5F9E6}.Debug|Any CPU.ActiveCfg = Debug|Any CPU
		{C8FCE83F-49BC-417C-97B5-2EBF37E5F9E6}.Debug|Any CPU.Build.0 = Debug|Any CPU
		{C8FCE83F-49BC-417C-97B5-2EBF37E5F9E6}.Release|Any CPU.ActiveCfg = Release|Any CPU
		{C8FCE83F-49BC-417C-97B5-2EBF37E5F9E6}.Release|Any CPU.Build.0 = Release|Any CPU
		{512E035B-AFD7-4781-A070-81215E460C88}.Debug|Any CPU.ActiveCfg = Debug|Any CPU
		{512E035B-AFD7-4781-A070-81215E460C88}.Debug|Any CPU.Build.0 = Debug|Any CPU
		{512E035B-AFD7-4781-A070-81215E460C88}.Release|Any CPU.ActiveCfg = Release|Any CPU
		{512E035B-AFD7-4781-A070-81215E460C88}.Release|Any CPU.Build.0 = Release|Any CPU
	EndGlobalSection
	GlobalSection(SolutionProperties) = preSolution
		HideSolutionNode = FALSE
	EndGlobalSection
	GlobalSection(ExtensibilityGlobals) = postSolution
		SolutionGuid = {B398C076-B42B-43B5-8ACD-A523281FDF00}
	EndGlobalSection
EndGlobal
